// !$*UTF8*$!
{
	archiveVersion = 1;
	classes = {
	};
	objectVersion = 45;
	objects = {

/* Begin PBXBuildFile section */
		1D60589B0D05DD56006BFB54 /* main.m in Sources */ = {isa = PBXBuildFile; fileRef = 29B97316FDCFA39411CA2CEA /* main.m */; };
		1D60589F0D05DD5A006BFB54 /* Foundation.framework in Frameworks */ = {isa = PBXBuildFile; fileRef = 1D30AB110D05D00D00671497 /* Foundation.framework */; };
		1DF5F4E00D08C38300B7A737 /* UIKit.framework in Frameworks */ = {isa = PBXBuildFile; fileRef = 1DF5F4DF0D08C38300B7A737 /* UIKit.framework */; };
		288765A50DF7441C002DB57D /* CoreGraphics.framework in Frameworks */ = {isa = PBXBuildFile; fileRef = 288765A40DF7441C002DB57D /* CoreGraphics.framework */; };
		6028C40D101C98C3001C8A79 /* MCStrengthView.m in Sources */ = {isa = PBXBuildFile; fileRef = 6028C40C101C98C3001C8A79 /* MCStrengthView.m */; };
		6028C4DE101C9D0B001C8A79 /* MCSizeView.m in Sources */ = {isa = PBXBuildFile; fileRef = 6028C4DD101C9D0B001C8A79 /* MCSizeView.m */; };
		6028C568101CA0E1001C8A79 /* ristretto.png in Resources */ = {isa = PBXBuildFile; fileRef = 6028C567101CA0E1001C8A79 /* ristretto.png */; };
		6038829A101B8BFD006A74CD /* MCAppDelegate.m in Sources */ = {isa = PBXBuildFile; fileRef = 60388299101B8BFD006A74CD /* MCAppDelegate.m */; };
		603882B6101B8D6D006A74CD /* MCPickerView.m in Sources */ = {isa = PBXBuildFile; fileRef = 603882B5101B8D6D006A74CD /* MCPickerView.m */; };
		603882CC101B8DBF006A74CD /* MCPickerViewController.m in Sources */ = {isa = PBXBuildFile; fileRef = 603882CA101B8DBF006A74CD /* MCPickerViewController.m */; };
		608B9A70101CD1CD00F6F6CA /* MCNameView.m in Sources */ = {isa = PBXBuildFile; fileRef = 608B9A6F101CD1CD00F6F6CA /* MCNameView.m */; };
		608B9AC8101CD68C00F6F6CA /* MCBlendView.m in Sources */ = {isa = PBXBuildFile; fileRef = 608B9AC7101CD68C00F6F6CA /* MCBlendView.m */; };
		608B9C59101CE31200F6F6CA /* QuartzCore.framework in Frameworks */ = {isa = PBXBuildFile; fileRef = 608B9C58101CE31200F6F6CA /* QuartzCore.framework */; };
		60AA1BAE101F74D5002FEC6A /* arpeggio.png in Resources */ = {isa = PBXBuildFile; fileRef = 60AA1B9A101F74D5002FEC6A /* arpeggio.png */; };
		60AA1BAF101F74D5002FEC6A /* blank.png in Resources */ = {isa = PBXBuildFile; fileRef = 60AA1B9B101F74D5002FEC6A /* blank.png */; };
		60AA1BB0101F74D5002FEC6A /* cappriccio.png in Resources */ = {isa = PBXBuildFile; fileRef = 60AA1B9C101F74D5002FEC6A /* cappriccio.png */; };
		60AA1BB1101F74D5002FEC6A /* cosi.png in Resources */ = {isa = PBXBuildFile; fileRef = 60AA1B9D101F74D5002FEC6A /* cosi.png */; };
		60AA1BB2101F74D5002FEC6A /* cup_cappuccino.png in Resources */ = {isa = PBXBuildFile; fileRef = 60AA1B9E101F74D5002FEC6A /* cup_cappuccino.png */; };
		60AA1BB3101F74D5002FEC6A /* cup_espresso.png in Resources */ = {isa = PBXBuildFile; fileRef = 60AA1B9F101F74D5002FEC6A /* cup_espresso.png */; };
		60AA1BB4101F74D5002FEC6A /* cup_lungo.png in Resources */ = {isa = PBXBuildFile; fileRef = 60AA1BA0101F74D5002FEC6A /* cup_lungo.png */; };
		60AA1BB5101F74D5002FEC6A /* cup_ristretto.png in Resources */ = {isa = PBXBuildFile; fileRef = 60AA1BA1101F74D5002FEC6A /* cup_ristretto.png */; };
		60AA1BB6101F74D5002FEC6A /* decafeinato.png in Resources */ = {isa = PBXBuildFile; fileRef = 60AA1BA2101F74D5002FEC6A /* decafeinato.png */; };
		60AA1BB7101F74D5002FEC6A /* decaffeinatointenso.png in Resources */ = {isa = PBXBuildFile; fileRef = 60AA1BA3101F74D5002FEC6A /* decaffeinatointenso.png */; };
		60AA1BB8101F74D5002FEC6A /* decaffeinatolungo.png in Resources */ = {isa = PBXBuildFile; fileRef = 60AA1BA4101F74D5002FEC6A /* decaffeinatolungo.png */; };
		60AA1BB9101F74D5002FEC6A /* dulsaodobrasil.png in Resources */ = {isa = PBXBuildFile; fileRef = 60AA1BA5101F74D5002FEC6A /* dulsaodobrasil.png */; };
		60AA1BBA101F74D5002FEC6A /* finezzolungo.png in Resources */ = {isa = PBXBuildFile; fileRef = 60AA1BA6101F74D5002FEC6A /* finezzolungo.png */; };
		60AA1BBB101F74D5002FEC6A /* fortissiolungo.png in Resources */ = {isa = PBXBuildFile; fileRef = 60AA1BA7101F74D5002FEC6A /* fortissiolungo.png */; };
		60AA1BBC101F74D5002FEC6A /* indriyafromindia.png in Resources */ = {isa = PBXBuildFile; fileRef = 60AA1BA8101F74D5002FEC6A /* indriyafromindia.png */; };
		60AA1BBD101F74D5002FEC6A /* livanto.png in Resources */ = {isa = PBXBuildFile; fileRef = 60AA1BA9101F74D5002FEC6A /* livanto.png */; };
		60AA1BBE101F74D5002FEC6A /* roma.png in Resources */ = {isa = PBXBuildFile; fileRef = 60AA1BAA101F74D5002FEC6A /* roma.png */; };
		60AA1BBF101F74D5002FEC6A /* rosabayadocolombia.png in Resources */ = {isa = PBXBuildFile; fileRef = 60AA1BAB101F74D5002FEC6A /* rosabayadocolombia.png */; };
		60AA1BC0101F74D5002FEC6A /* vivaltolungo.png in Resources */ = {isa = PBXBuildFile; fileRef = 60AA1BAC101F74D5002FEC6A /* vivaltolungo.png */; };
		60AA1BC1101F74D5002FEC6A /* volluto.png in Resources */ = {isa = PBXBuildFile; fileRef = 60AA1BAD101F74D5002FEC6A /* volluto.png */; };
		60AA1C97101F84CD002FEC6A /* Blends.plist in Resources */ = {isa = PBXBuildFile; fileRef = 60AA1C96101F84CD002FEC6A /* Blends.plist */; };
		60AA1CAC101F8963002FEC6A /* MCBlend.m in Sources */ = {isa = PBXBuildFile; fileRef = 60AA1CAB101F8963002FEC6A /* MCBlend.m */; };
/* End PBXBuildFile section */

/* Begin PBXFileReference section */
		1D30AB110D05D00D00671497 /* Foundation.framework */ = {isa = PBXFileReference; lastKnownFileType = wrapper.framework; name = Foundation.framework; path = System/Library/Frameworks/Foundation.framework; sourceTree = SDKROOT; };
		1D6058910D05DD3D006BFB54 /* SevenAm.app */ = {isa = PBXFileReference; explicitFileType = wrapper.application; includeInIndex = 0; path = SevenAm.app; sourceTree = BUILT_PRODUCTS_DIR; };
		1DF5F4DF0D08C38300B7A737 /* UIKit.framework */ = {isa = PBXFileReference; lastKnownFileType = wrapper.framework; name = UIKit.framework; path = System/Library/Frameworks/UIKit.framework; sourceTree = SDKROOT; };
		288765A40DF7441C002DB57D /* CoreGraphics.framework */ = {isa = PBXFileReference; lastKnownFileType = wrapper.framework; name = CoreGraphics.framework; path = System/Library/Frameworks/CoreGraphics.framework; sourceTree = SDKROOT; };
		29B97316FDCFA39411CA2CEA /* main.m */ = {isa = PBXFileReference; fileEncoding = 4; lastKnownFileType = sourcecode.c.objc; path = main.m; sourceTree = "<group>"; };
		32CA4F630368D1EE00C91783 /* SevenAm_Prefix.pch */ = {isa = PBXFileReference; fileEncoding = 4; lastKnownFileType = sourcecode.c.h; path = SevenAm_Prefix.pch; sourceTree = "<group>"; };
		6028C40B101C98C3001C8A79 /* MCStrengthView.h */ = {isa = PBXFileReference; fileEncoding = 4; lastKnownFileType = sourcecode.c.h; name = MCStrengthView.h; path = Components/MCStrengthView.h; sourceTree = "<group>"; };
		6028C40C101C98C3001C8A79 /* MCStrengthView.m */ = {isa = PBXFileReference; fileEncoding = 4; lastKnownFileType = sourcecode.c.objc; name = MCStrengthView.m; path = Components/MCStrengthView.m; sourceTree = "<group>"; };
		6028C4DC101C9D0B001C8A79 /* MCSizeView.h */ = {isa = PBXFileReference; fileEncoding = 4; lastKnownFileType = sourcecode.c.h; name = MCSizeView.h; path = Components/MCSizeView.h; sourceTree = "<group>"; };
		6028C4DD101C9D0B001C8A79 /* MCSizeView.m */ = {isa = PBXFileReference; fileEncoding = 4; lastKnownFileType = sourcecode.c.objc; name = MCSizeView.m; path = Components/MCSizeView.m; sourceTree = "<group>"; };
		6028C567101CA0E1001C8A79 /* ristretto.png */ = {isa = PBXFileReference; lastKnownFileType = image.png; name = ristretto.png; path = Images/ristretto.png; sourceTree = "<group>"; };
		60388298101B8BFD006A74CD /* MCAppDelegate.h */ = {isa = PBXFileReference; fileEncoding = 4; lastKnownFileType = sourcecode.c.h; path = MCAppDelegate.h; sourceTree = "<group>"; };
		60388299101B8BFD006A74CD /* MCAppDelegate.m */ = {isa = PBXFileReference; fileEncoding = 4; lastKnownFileType = sourcecode.c.objc; path = MCAppDelegate.m; sourceTree = "<group>"; };
		603882B4101B8D6D006A74CD /* MCPickerView.h */ = {isa = PBXFileReference; fileEncoding = 4; lastKnownFileType = sourcecode.c.h; name = MCPickerView.h; path = Components/MCPickerView.h; sourceTree = "<group>"; };
		603882B5101B8D6D006A74CD /* MCPickerView.m */ = {isa = PBXFileReference; fileEncoding = 4; lastKnownFileType = sourcecode.c.objc; name = MCPickerView.m; path = Components/MCPickerView.m; sourceTree = "<group>"; };
		603882CA101B8DBF006A74CD /* MCPickerViewController.m */ = {isa = PBXFileReference; fileEncoding = 4; lastKnownFileType = sourcecode.c.objc; name = MCPickerViewController.m; path = Controllers/MCPickerViewController.m; sourceTree = "<group>"; };
		603882CB101B8DBF006A74CD /* MCPickerViewController.h */ = {isa = PBXFileReference; fileEncoding = 4; lastKnownFileType = sourcecode.c.h; name = MCPickerViewController.h; path = Controllers/MCPickerViewController.h; sourceTree = "<group>"; };
		608B9A6E101CD1CD00F6F6CA /* MCNameView.h */ = {isa = PBXFileReference; fileEncoding = 4; lastKnownFileType = sourcecode.c.h; name = MCNameView.h; path = Components/MCNameView.h; sourceTree = "<group>"; };
		608B9A6F101CD1CD00F6F6CA /* MCNameView.m */ = {isa = PBXFileReference; fileEncoding = 4; lastKnownFileType = sourcecode.c.objc; name = MCNameView.m; path = Components/MCNameView.m; sourceTree = "<group>"; };
		608B9AC6101CD68C00F6F6CA /* MCBlendView.h */ = {isa = PBXFileReference; fileEncoding = 4; lastKnownFileType = sourcecode.c.h; name = MCBlendView.h; path = Components/MCBlendView.h; sourceTree = "<group>"; };
		608B9AC7101CD68C00F6F6CA /* MCBlendView.m */ = {isa = PBXFileReference; fileEncoding = 4; lastKnownFileType = sourcecode.c.objc; name = MCBlendView.m; path = Components/MCBlendView.m; sourceTree = "<group>"; };
		608B9C58101CE31200F6F6CA /* QuartzCore.framework */ = {isa = PBXFileReference; lastKnownFileType = wrapper.framework; name = QuartzCore.framework; path = System/Library/Frameworks/QuartzCore.framework; sourceTree = SDKROOT; };
		60AA1B9A101F74D5002FEC6A /* arpeggio.png */ = {isa = PBXFileReference; lastKnownFileType = image.png; name = arpeggio.png; path = Images/arpeggio.png; sourceTree = "<group>"; };
		60AA1B9B101F74D5002FEC6A /* blank.png */ = {isa = PBXFileReference; lastKnownFileType = image.png; name = blank.png; path = Images/blank.png; sourceTree = "<group>"; };
		60AA1B9C101F74D5002FEC6A /* cappriccio.png */ = {isa = PBXFileReference; lastKnownFileType = image.png; name = cappriccio.png; path = Images/cappriccio.png; sourceTree = "<group>"; };
		60AA1B9D101F74D5002FEC6A /* cosi.png */ = {isa = PBXFileReference; lastKnownFileType = image.png; name = cosi.png; path = Images/cosi.png; sourceTree = "<group>"; };
		60AA1B9E101F74D5002FEC6A /* cup_cappuccino.png */ = {isa = PBXFileReference; lastKnownFileType = image.png; name = cup_cappuccino.png; path = Images/cup_cappuccino.png; sourceTree = "<group>"; };
		60AA1B9F101F74D5002FEC6A /* cup_espresso.png */ = {isa = PBXFileReference; lastKnownFileType = image.png; name = cup_espresso.png; path = Images/cup_espresso.png; sourceTree = "<group>"; };
		60AA1BA0101F74D5002FEC6A /* cup_lungo.png */ = {isa = PBXFileReference; lastKnownFileType = image.png; name = cup_lungo.png; path = Images/cup_lungo.png; sourceTree = "<group>"; };
		60AA1BA1101F74D5002FEC6A /* cup_ristretto.png */ = {isa = PBXFileReference; lastKnownFileType = image.png; name = cup_ristretto.png; path = Images/cup_ristretto.png; sourceTree = "<group>"; };
		60AA1BA2101F74D5002FEC6A /* decafeinato.png */ = {isa = PBXFileReference; lastKnownFileType = image.png; name = decafeinato.png; path = Images/decafeinato.png; sourceTree = "<group>"; };
		60AA1BA3101F74D5002FEC6A /* decaffeinatointenso.png */ = {isa = PBXFileReference; lastKnownFileType = image.png; name = decaffeinatointenso.png; path = Images/decaffeinatointenso.png; sourceTree = "<group>"; };
		60AA1BA4101F74D5002FEC6A /* decaffeinatolungo.png */ = {isa = PBXFileReference; lastKnownFileType = image.png; name = decaffeinatolungo.png; path = Images/decaffeinatolungo.png; sourceTree = "<group>"; };
		60AA1BA5101F74D5002FEC6A /* dulsaodobrasil.png */ = {isa = PBXFileReference; lastKnownFileType = image.png; name = dulsaodobrasil.png; path = Images/dulsaodobrasil.png; sourceTree = "<group>"; };
		60AA1BA6101F74D5002FEC6A /* finezzolungo.png */ = {isa = PBXFileReference; lastKnownFileType = image.png; name = finezzolungo.png; path = Images/finezzolungo.png; sourceTree = "<group>"; };
		60AA1BA7101F74D5002FEC6A /* fortissiolungo.png */ = {isa = PBXFileReference; lastKnownFileType = image.png; name = fortissiolungo.png; path = Images/fortissiolungo.png; sourceTree = "<group>"; };
		60AA1BA8101F74D5002FEC6A /* indriyafromindia.png */ = {isa = PBXFileReference; lastKnownFileType = image.png; name = indriyafromindia.png; path = Images/indriyafromindia.png; sourceTree = "<group>"; };
		60AA1BA9101F74D5002FEC6A /* livanto.png */ = {isa = PBXFileReference; lastKnownFileType = image.png; name = livanto.png; path = Images/livanto.png; sourceTree = "<group>"; };
		60AA1BAA101F74D5002FEC6A /* roma.png */ = {isa = PBXFileReference; lastKnownFileType = image.png; name = roma.png; path = Images/roma.png; sourceTree = "<group>"; };
		60AA1BAB101F74D5002FEC6A /* rosabayadocolombia.png */ = {isa = PBXFileReference; lastKnownFileType = image.png; name = rosabayadocolombia.png; path = Images/rosabayadocolombia.png; sourceTree = "<group>"; };
		60AA1BAC101F74D5002FEC6A /* vivaltolungo.png */ = {isa = PBXFileReference; lastKnownFileType = image.png; name = vivaltolungo.png; path = Images/vivaltolungo.png; sourceTree = "<group>"; };
		60AA1BAD101F74D5002FEC6A /* volluto.png */ = {isa = PBXFileReference; lastKnownFileType = image.png; name = volluto.png; path = Images/volluto.png; sourceTree = "<group>"; };
		60AA1C96101F84CD002FEC6A /* Blends.plist */ = {isa = PBXFileReference; fileEncoding = 4; lastKnownFileType = text.plist.xml; path = Blends.plist; sourceTree = "<group>"; };
		60AA1CAA101F8963002FEC6A /* MCBlend.h */ = {isa = PBXFileReference; fileEncoding = 4; lastKnownFileType = sourcecode.c.h; name = MCBlend.h; path = Models/MCBlend.h; sourceTree = "<group>"; };
		60AA1CAB101F8963002FEC6A /* MCBlend.m */ = {isa = PBXFileReference; fileEncoding = 4; lastKnownFileType = sourcecode.c.objc; name = MCBlend.m; path = Models/MCBlend.m; sourceTree = "<group>"; };
		8D1107310486CEB800E47090 /* SevenAm-Info.plist */ = {isa = PBXFileReference; fileEncoding = 4; lastKnownFileType = text.plist.xml; path = "SevenAm-Info.plist"; plistStructureDefinitionIdentifier = "com.apple.xcode.plist.structure-definition.iphone.info-plist"; sourceTree = "<group>"; };
/* End PBXFileReference section */

/* Begin PBXFrameworksBuildPhase section */
		1D60588F0D05DD3D006BFB54 /* Frameworks */ = {
			isa = PBXFrameworksBuildPhase;
			buildActionMask = 2147483647;
			files = (
				1D60589F0D05DD5A006BFB54 /* Foundation.framework in Frameworks */,
				1DF5F4E00D08C38300B7A737 /* UIKit.framework in Frameworks */,
				288765A50DF7441C002DB57D /* CoreGraphics.framework in Frameworks */,
				608B9C59101CE31200F6F6CA /* QuartzCore.framework in Frameworks */,
			);
			runOnlyForDeploymentPostprocessing = 0;
		};
/* End PBXFrameworksBuildPhase section */

/* Begin PBXGroup section */
		080E96DDFE201D6D7F000001 /* Classes */ = {
			isa = PBXGroup;
			children = (
				60AA1C9E101F8934002FEC6A /* Models */,
				6038829C101B8C80006A74CD /* Components */,
				6038829B101B8C7A006A74CD /* Controllers */,
				60388298101B8BFD006A74CD /* MCAppDelegate.h */,
				60388299101B8BFD006A74CD /* MCAppDelegate.m */,
			);
			path = Classes;
			sourceTree = "<group>";
		};
		19C28FACFE9D520D11CA2CBB /* Products */ = {
			isa = PBXGroup;
			children = (
				1D6058910D05DD3D006BFB54 /* SevenAm.app */,
			);
			name = Products;
			sourceTree = "<group>";
		};
		29B97314FDCFA39411CA2CEA /* CustomTemplate */ = {
			isa = PBXGroup;
			children = (
				080E96DDFE201D6D7F000001 /* Classes */,
				29B97315FDCFA39411CA2CEA /* Other Sources */,
				29B97317FDCFA39411CA2CEA /* Resources */,
				29B97323FDCFA39411CA2CEA /* Frameworks */,
				19C28FACFE9D520D11CA2CBB /* Products */,
			);
			name = CustomTemplate;
			sourceTree = "<group>";
		};
		29B97315FDCFA39411CA2CEA /* Other Sources */ = {
			isa = PBXGroup;
			children = (
				32CA4F630368D1EE00C91783 /* SevenAm_Prefix.pch */,
				29B97316FDCFA39411CA2CEA /* main.m */,
			);
			name = "Other Sources";
			sourceTree = "<group>";
		};
		29B97317FDCFA39411CA2CEA /* Resources */ = {
			isa = PBXGroup;
			children = (
				60AA1C96101F84CD002FEC6A /* Blends.plist */,
				6028C4F5101C9E5E001C8A79 /* Images */,
				8D1107310486CEB800E47090 /* SevenAm-Info.plist */,
			);
			name = Resources;
			sourceTree = "<group>";
		};
		29B97323FDCFA39411CA2CEA /* Frameworks */ = {
			isa = PBXGroup;
			children = (
				608B9C58101CE31200F6F6CA /* QuartzCore.framework */,
				1DF5F4DF0D08C38300B7A737 /* UIKit.framework */,
				1D30AB110D05D00D00671497 /* Foundation.framework */,
				288765A40DF7441C002DB57D /* CoreGraphics.framework */,
			);
			name = Frameworks;
			sourceTree = "<group>";
		};
		6028C4F5101C9E5E001C8A79 /* Images */ = {
			isa = PBXGroup;
			children = (
				60AA1B9A101F74D5002FEC6A /* arpeggio.png */,
				60AA1B9B101F74D5002FEC6A /* blank.png */,
				60AA1B9C101F74D5002FEC6A /* cappriccio.png */,
				60AA1B9D101F74D5002FEC6A /* cosi.png */,
				60AA1B9E101F74D5002FEC6A /* cup_cappuccino.png */,
				60AA1B9F101F74D5002FEC6A /* cup_espresso.png */,
				60AA1BA0101F74D5002FEC6A /* cup_lungo.png */,
				60AA1BA1101F74D5002FEC6A /* cup_ristretto.png */,
				60AA1BA2101F74D5002FEC6A /* decafeinato.png */,
				60AA1BA3101F74D5002FEC6A /* decaffeinatointenso.png */,
				60AA1BA4101F74D5002FEC6A /* decaffeinatolungo.png */,
				60AA1BA5101F74D5002FEC6A /* dulsaodobrasil.png */,
				60AA1BA6101F74D5002FEC6A /* finezzolungo.png */,
				60AA1BA7101F74D5002FEC6A /* fortissiolungo.png */,
				60AA1BA8101F74D5002FEC6A /* indriyafromindia.png */,
				60AA1BA9101F74D5002FEC6A /* livanto.png */,
				60AA1BAA101F74D5002FEC6A /* roma.png */,
				60AA1BAB101F74D5002FEC6A /* rosabayadocolombia.png */,
				60AA1BAC101F74D5002FEC6A /* vivaltolungo.png */,
				60AA1BAD101F74D5002FEC6A /* volluto.png */,
				6028C567101CA0E1001C8A79 /* ristretto.png */,
			);
			name = Images;
			sourceTree = "<group>";
		};
		6038829B101B8C7A006A74CD /* Controllers */ = {
			isa = PBXGroup;
			children = (
				603882CA101B8DBF006A74CD /* MCPickerViewController.m */,
				603882CB101B8DBF006A74CD /* MCPickerViewController.h */,
			);
			name = Controllers;
			sourceTree = "<group>";
		};
		6038829C101B8C80006A74CD /* Components */ = {
			isa = PBXGroup;
			children = (
				603882B4101B8D6D006A74CD /* MCPickerView.h */,
				603882B5101B8D6D006A74CD /* MCPickerView.m */,
				6028C40B101C98C3001C8A79 /* MCStrengthView.h */,
				6028C40C101C98C3001C8A79 /* MCStrengthView.m */,
				6028C4DC101C9D0B001C8A79 /* MCSizeView.h */,
				6028C4DD101C9D0B001C8A79 /* MCSizeView.m */,
				608B9A6E101CD1CD00F6F6CA /* MCNameView.h */,
				608B9A6F101CD1CD00F6F6CA /* MCNameView.m */,
				608B9AC6101CD68C00F6F6CA /* MCBlendView.h */,
				608B9AC7101CD68C00F6F6CA /* MCBlendView.m */,
			);
			name = Components;
			sourceTree = "<group>";
		};
		60AA1C9E101F8934002FEC6A /* Models */ = {
			isa = PBXGroup;
			children = (
				60AA1CAA101F8963002FEC6A /* MCBlend.h */,
				60AA1CAB101F8963002FEC6A /* MCBlend.m */,
			);
			name = Models;
			sourceTree = "<group>";
		};
/* End PBXGroup section */

/* Begin PBXNativeTarget section */
		1D6058900D05DD3D006BFB54 /* SevenAm */ = {
			isa = PBXNativeTarget;
			buildConfigurationList = 1D6058960D05DD3E006BFB54 /* Build configuration list for PBXNativeTarget "SevenAm" */;
			buildPhases = (
				1D60588D0D05DD3D006BFB54 /* Resources */,
				1D60588E0D05DD3D006BFB54 /* Sources */,
				1D60588F0D05DD3D006BFB54 /* Frameworks */,
			);
			buildRules = (
			);
			dependencies = (
			);
			name = SevenAm;
			productName = SevenAm;
			productReference = 1D6058910D05DD3D006BFB54 /* SevenAm.app */;
			productType = "com.apple.product-type.application";
		};
/* End PBXNativeTarget section */

/* Begin PBXProject section */
		29B97313FDCFA39411CA2CEA /* Project object */ = {
			isa = PBXProject;
			buildConfigurationList = C01FCF4E08A954540054247B /* Build configuration list for PBXProject "SevenAm" */;
			compatibilityVersion = "Xcode 3.1";
			hasScannedForEncodings = 1;
			mainGroup = 29B97314FDCFA39411CA2CEA /* CustomTemplate */;
			projectDirPath = "";
			projectRoot = "";
			targets = (
				1D6058900D05DD3D006BFB54 /* SevenAm */,
			);
		};
/* End PBXProject section */

/* Begin PBXResourcesBuildPhase section */
		1D60588D0D05DD3D006BFB54 /* Resources */ = {
			isa = PBXResourcesBuildPhase;
			buildActionMask = 2147483647;
			files = (
				6028C568101CA0E1001C8A79 /* ristretto.png in Resources */,
				60AA1BAE101F74D5002FEC6A /* arpeggio.png in Resources */,
				60AA1BAF101F74D5002FEC6A /* blank.png in Resources */,
				60AA1BB0101F74D5002FEC6A /* cappriccio.png in Resources */,
				60AA1BB1101F74D5002FEC6A /* cosi.png in Resources */,
				60AA1BB2101F74D5002FEC6A /* cup_cappuccino.png in Resources */,
				60AA1BB3101F74D5002FEC6A /* cup_espresso.png in Resources */,
				60AA1BB4101F74D5002FEC6A /* cup_lungo.png in Resources */,
				60AA1BB5101F74D5002FEC6A /* cup_ristretto.png in Resources */,
				60AA1BB6101F74D5002FEC6A /* decafeinato.png in Resources */,
				60AA1BB7101F74D5002FEC6A /* decaffeinatointenso.png in Resources */,
				60AA1BB8101F74D5002FEC6A /* decaffeinatolungo.png in Resources */,
				60AA1BB9101F74D5002FEC6A /* dulsaodobrasil.png in Resources */,
				60AA1BBA101F74D5002FEC6A /* finezzolungo.png in Resources */,
				60AA1BBB101F74D5002FEC6A /* fortissiolungo.png in Resources */,
				60AA1BBC101F74D5002FEC6A /* indriyafromindia.png in Resources */,
				60AA1BBD101F74D5002FEC6A /* livanto.png in Resources */,
				60AA1BBE101F74D5002FEC6A /* roma.png in Resources */,
				60AA1BBF101F74D5002FEC6A /* rosabayadocolombia.png in Resources */,
				60AA1BC0101F74D5002FEC6A /* vivaltolungo.png in Resources */,
				60AA1BC1101F74D5002FEC6A /* volluto.png in Resources */,
				60AA1C97101F84CD002FEC6A /* Blends.plist in Resources */,
			);
			runOnlyForDeploymentPostprocessing = 0;
		};
/* End PBXResourcesBuildPhase section */

/* Begin PBXSourcesBuildPhase section */
		1D60588E0D05DD3D006BFB54 /* Sources */ = {
			isa = PBXSourcesBuildPhase;
			buildActionMask = 2147483647;
			files = (
				1D60589B0D05DD56006BFB54 /* main.m in Sources */,
				6038829A101B8BFD006A74CD /* MCAppDelegate.m in Sources */,
				603882B6101B8D6D006A74CD /* MCPickerView.m in Sources */,
				603882CC101B8DBF006A74CD /* MCPickerViewController.m in Sources */,
				6028C40D101C98C3001C8A79 /* MCStrengthView.m in Sources */,
				6028C4DE101C9D0B001C8A79 /* MCSizeView.m in Sources */,
				608B9A70101CD1CD00F6F6CA /* MCNameView.m in Sources */,
				608B9AC8101CD68C00F6F6CA /* MCBlendView.m in Sources */,
				60AA1CAC101F8963002FEC6A /* MCBlend.m in Sources */,
			);
			runOnlyForDeploymentPostprocessing = 0;
		};
/* End PBXSourcesBuildPhase section */

/* Begin XCBuildConfiguration section */
		1D6058940D05DD3E006BFB54 /* Debug */ = {
			isa = XCBuildConfiguration;
			buildSettings = {
				ALWAYS_SEARCH_USER_PATHS = NO;
				COPY_PHASE_STRIP = NO;
				GCC_DYNAMIC_NO_PIC = NO;
				GCC_OPTIMIZATION_LEVEL = 0;
				GCC_PRECOMPILE_PREFIX_HEADER = YES;
				GCC_PREFIX_HEADER = SevenAm_Prefix.pch;
				INFOPLIST_FILE = "SevenAm-Info.plist";
				PRODUCT_NAME = SevenAm;
			};
			name = Debug;
		};
		1D6058950D05DD3E006BFB54 /* Release */ = {
			isa = XCBuildConfiguration;
			buildSettings = {
				ALWAYS_SEARCH_USER_PATHS = NO;
				COPY_PHASE_STRIP = YES;
				GCC_PRECOMPILE_PREFIX_HEADER = YES;
				GCC_PREFIX_HEADER = SevenAm_Prefix.pch;
				INFOPLIST_FILE = "SevenAm-Info.plist";
				PRODUCT_NAME = SevenAm;
			};
			name = Release;
		};
		C01FCF4F08A954540054247B /* Debug */ = {
			isa = XCBuildConfiguration;
			buildSettings = {
				ARCHS = "$(ARCHS_STANDARD_32_BIT)";
				"CODE_SIGN_IDENTITY[sdk=iphoneos*]" = "iPhone Developer";
				GCC_C_LANGUAGE_STANDARD = c99;
				GCC_WARN_ABOUT_RETURN_TYPE = YES;
				GCC_WARN_UNUSED_VARIABLE = YES;
				PREBINDING = NO;
				SDKROOT = iphoneos3.1;
			};
			name = Debug;
		};
		C01FCF5008A954540054247B /* Release */ = {
			isa = XCBuildConfiguration;
			buildSettings = {
				ARCHS = "$(ARCHS_STANDARD_32_BIT)";
				"CODE_SIGN_IDENTITY[sdk=iphoneos*]" = "iPhone Developer";
				GCC_C_LANGUAGE_STANDARD = c99;
				GCC_WARN_ABOUT_RETURN_TYPE = YES;
				GCC_WARN_UNUSED_VARIABLE = YES;
				PREBINDING = NO;
				SDKROOT = iphoneos3.1;
			};
			name = Release;
		};
/* End XCBuildConfiguration section */

/* Begin XCConfigurationList section */
		1D6058960D05DD3E006BFB54 /* Build configuration list for PBXNativeTarget "SevenAm" */ = {
			isa = XCConfigurationList;
			buildConfigurations = (
				1D6058940D05DD3E006BFB54 /* Debug */,
				1D6058950D05DD3E006BFB54 /* Release */,
			);
			defaultConfigurationIsVisible = 0;
			defaultConfigurationName = Release;
		};
		C01FCF4E08A954540054247B /* Build configuration list for PBXProject "SevenAm" */ = {
			isa = XCConfigurationList;
			buildConfigurations = (
				C01FCF4F08A954540054247B /* Debug */,
				C01FCF5008A954540054247B /* Release */,
			);
			defaultConfigurationIsVisible = 0;
			defaultConfigurationName = Release;
		};
/* End XCConfigurationList section */
	};
	rootObject = 29B97313FDCFA39411CA2CEA /* Project object */;
}
